
Microsoft Visual Studio Solution File, Format Version 12.00
# Visual Studio Version 16
VisualStudioVersion = 16.0.29503.13
MinimumVisualStudioVersion = 10.0.40219.1
Project("{FAE04EC0-301F-11D3-BF4B-00C04F79EFBC}") = "pretetare_Aurelian", "pretetare_Aurelian\pretetare_Aurelian.csproj", "{2FBDE6AC-EB95-49CA-B785-B946B048A5DC}"
EndProject
Global
	GlobalSection(SolutionConfigurationPlatforms) = preSolution
		Debug|Any CPU = Debug|Any CPU
		Release|Any CPU = Release|Any CPU
	EndGlobalSection
	GlobalSection(ProjectConfigurationPlatforms) = postSolution
		{2FBDE6AC-EB95-49CA-B785-B946B048A5DC}.Debug|Any CPU.ActiveCfg = Debug|Any CPU
		{2FBDE6AC-EB95-49CA-B785-B946B048A5DC}.Debug|Any CPU.Build.0 = Debug|Any CPU
		{2FBDE6AC-EB95-49CA-B785-B946B048A5DC}.Release|Any CPU.ActiveCfg = Release|Any CPU
		{2FBDE6AC-EB95-49CA-B785-B946B048A5DC}.Release|Any CPU.Build.0 = Release|Any CPU
	EndGlobalSection
	GlobalSection(SolutionProperties) = preSolution
		HideSolutionNode = FALSE
	EndGlobalSection
	GlobalSection(ExtensibilityGlobals) = postSolution
		SolutionGuid = {37B59EAA-D361-43C7-BACB-B9195C0E4DE9}
	EndGlobalSection
EndGlobal
